
Microsoft Visual Studio Solution File, Format Version 12.00
# Visual Studio Version 16
VisualStudioVersion = 16.0.30517.126
MinimumVisualStudioVersion = 10.0.40219.1
Project("{FAE04EC0-301F-11D3-BF4B-00C04F79EFBC}") = "BazeDeDatute", "BazeDeDatute\BazeDeDatute.csproj", "{39B685DF-E24D-4DD1-B91F-3FD73517F1EB}"
EndProject
Global
	GlobalSection(SolutionConfigurationPlatforms) = preSolution
		Debug|Any CPU = Debug|Any CPU
		Release|Any CPU = Release|Any CPU
	EndGlobalSection
	GlobalSection(ProjectConfigurationPlatforms) = postSolution
		{39B685DF-E24D-4DD1-B91F-3FD73517F1EB}.Debug|Any CPU.ActiveCfg = Debug|Any CPU
		{39B685DF-E24D-4DD1-B91F-3FD73517F1EB}.Debug|Any CPU.Build.0 = Debug|Any CPU
		{39B685DF-E24D-4DD1-B91F-3FD73517F1EB}.Release|Any CPU.ActiveCfg = Release|Any CPU
		{39B685DF-E24D-4DD1-B91F-3FD73517F1EB}.Release|Any CPU.Build.0 = Release|Any CPU
	EndGlobalSection
	GlobalSection(SolutionProperties) = preSolution
		HideSolutionNode = FALSE
	EndGlobalSection
	GlobalSection(ExtensibilityGlobals) = postSolution
		SolutionGuid = {FFFFCE51-E6BE-409B-BF69-B05D9F52739F}
	EndGlobalSection
EndGlobal
